
Microsoft Visual Studio Solution File, Format Version 12.00
# Visual Studio 15
VisualStudioVersion = 15.0.26730.15
MinimumVisualStudioVersion = 10.0.40219.1
Project("{8BC9CEB8-8B4A-11D0-8D11-00A0C91BC942}") = "DUYNM2959-1", "DUYNM2959\DUYNM2959.vcxproj", "{CBAF7CC0-BB7E-404E-BDD4-243DBD65BDAD}"
EndProject
Project("{8BC9CEB8-8B4A-11D0-8D11-00A0C91BC942}") = "DUYNM2959-2", "DUYNM2959-2\DUYNM2959-2.vcxproj", "{1B868064-2AAB-42BB-BBE9-6F83E1E100B5}"
EndProject
Project("{8BC9CEB8-8B4A-11D0-8D11-00A0C91BC942}") = "DUYNM2959-3", "DUYNM2959-3\DUYNM2959-3.vcxproj", "{0F8CBFC9-A6C3-48A6-9A6A-8D2A9FF2696A}"
EndProject
Project("{8BC9CEB8-8B4A-11D0-8D11-00A0C91BC942}") = "tuan2", "tuan2\tuan2.vcxproj", "{38D2E524-2922-4A1C-9D8D-9813D31FB7B8}"
EndProject
Project("{8BC9CEB8-8B4A-11D0-8D11-00A0C91BC942}") = "Project1", "Project1\Project1.vcxproj", "{CF7A1103-6008-41AC-B5CE-5DA4C147093E}"
EndProject
Project("{8BC9CEB8-8B4A-11D0-8D11-00A0C91BC942}") = "tuan3", "tuan3\tuan3.vcxproj", "{B9C3CDC1-FE43-4B4E-82A8-B0B187F08C5D}"
EndProject
Project("{8BC9CEB8-8B4A-11D0-8D11-00A0C91BC942}") = "PointerExample", "PointerExample\PointerExample.vcxproj", "{B34436B5-CF8F-41E5-9257-926215196FC1}"
EndProject
Project("{8BC9CEB8-8B4A-11D0-8D11-00A0C91BC942}") = "DUYNM2959_tuan4", "DUYNM2959_tuan4\DUYNM2959_tuan4.vcxproj", "{9AF2A5B3-F356-4C3B-9269-8CA58A66AB74}"
EndProject
Project("{8BC9CEB8-8B4A-11D0-8D11-00A0C91BC942}") = "DUYNM2959_tuan5", "DUYNM2959_tuan5\DUYNM2959_tuan5.vcxproj", "{E1F750DF-06CC-4790-BBFD-74F5D0778257}"
EndProject
Project("{8BC9CEB8-8B4A-11D0-8D11-00A0C91BC942}") = "sapxep", "sapxep\sapxep.vcxproj", "{2560CDB6-7DE0-48C8-BA84-268D6421314B}"
EndProject
Global
	GlobalSection(SolutionConfigurationPlatforms) = preSolution
		Debug|x64 = Debug|x64
		Debug|x86 = Debug|x86
		Release|x64 = Release|x64
		Release|x86 = Release|x86
	EndGlobalSection
	GlobalSection(ProjectConfigurationPlatforms) = postSolution
		{CBAF7CC0-BB7E-404E-BDD4-243DBD65BDAD}.Debug|x64.ActiveCfg = Debug|x64
		{CBAF7CC0-BB7E-404E-BDD4-243DBD65BDAD}.Debug|x64.Build.0 = Debug|x64
		{CBAF7CC0-BB7E-404E-BDD4-243DBD65BDAD}.Debug|x86.ActiveCfg = Debug|Win32
		{CBAF7CC0-BB7E-404E-BDD4-243DBD65BDAD}.Debug|x86.Build.0 = Debug|Win32
		{CBAF7CC0-BB7E-404E-BDD4-243DBD65BDAD}.Release|x64.ActiveCfg = Release|x64
		{CBAF7CC0-BB7E-404E-BDD4-243DBD65BDAD}.Release|x64.Build.0 = Release|x64
		{CBAF7CC0-BB7E-404E-BDD4-243DBD65BDAD}.Release|x86.ActiveCfg = Release|Win32
		{CBAF7CC0-BB7E-404E-BDD4-243DBD65BDAD}.Release|x86.Build.0 = Release|Win32
		{1B868064-2AAB-42BB-BBE9-6F83E1E100B5}.Debug|x64.ActiveCfg = Debug|x64
		{1B868064-2AAB-42BB-BBE9-6F83E1E100B5}.Debug|x64.Build.0 = Debug|x64
		{1B868064-2AAB-42BB-BBE9-6F83E1E100B5}.Debug|x86.ActiveCfg = Debug|Win32
		{1B868064-2AAB-42BB-BBE9-6F83E1E100B5}.Debug|x86.Build.0 = Debug|Win32
		{1B868064-2AAB-42BB-BBE9-6F83E1E100B5}.Release|x64.ActiveCfg = Release|x64
		{1B868064-2AAB-42BB-BBE9-6F83E1E100B5}.Release|x64.Build.0 = Release|x64
		{1B868064-2AAB-42BB-BBE9-6F83E1E100B5}.Release|x86.ActiveCfg = Release|Win32
		{1B868064-2AAB-42BB-BBE9-6F83E1E100B5}.Release|x86.Build.0 = Release|Win32
		{0F8CBFC9-A6C3-48A6-9A6A-8D2A9FF2696A}.Debug|x64.ActiveCfg = Debug|x64
		{0F8CBFC9-A6C3-48A6-9A6A-8D2A9FF2696A}.Debug|x64.Build.0 = Debug|x64
		{0F8CBFC9-A6C3-48A6-9A6A-8D2A9FF2696A}.Debug|x86.ActiveCfg = Debug|Win32
		{0F8CBFC9-A6C3-48A6-9A6A-8D2A9FF2696A}.Debug|x86.Build.0 = Debug|Win32
		{0F8CBFC9-A6C3-48A6-9A6A-8D2A9FF2696A}.Release|x64.ActiveCfg = Release|x64
		{0F8CBFC9-A6C3-48A6-9A6A-8D2A9FF2696A}.Release|x64.Build.0 = Release|x64
		{0F8CBFC9-A6C3-48A6-9A6A-8D2A9FF2696A}.Release|x86.ActiveCfg = Release|Win32
		{0F8CBFC9-A6C3-48A6-9A6A-8D2A9FF2696A}.Release|x86.Build.0 = Release|Win32
		{38D2E524-2922-4A1C-9D8D-9813D31FB7B8}.Debug|x64.ActiveCfg = Debug|x64
		{38D2E524-2922-4A1C-9D8D-9813D31FB7B8}.Debug|x64.Build.0 = Debug|x64
		{38D2E524-2922-4A1C-9D8D-9813D31FB7B8}.Debug|x86.ActiveCfg = Debug|Win32
		{38D2E524-2922-4A1C-9D8D-9813D31FB7B8}.Debug|x86.Build.0 = Debug|Win32
		{38D2E524-2922-4A1C-9D8D-9813D31FB7B8}.Release|x64.ActiveCfg = Release|x64
		{38D2E524-2922-4A1C-9D8D-9813D31FB7B8}.Release|x64.Build.0 = Release|x64
		{38D2E524-2922-4A1C-9D8D-9813D31FB7B8}.Release|x86.ActiveCfg = Release|Win32
		{38D2E524-2922-4A1C-9D8D-9813D31FB7B8}.Release|x86.Build.0 = Release|Win32
		{CF7A1103-6008-41AC-B5CE-5DA4C147093E}.Debug|x64.ActiveCfg = Debug|x64
		{CF7A1103-6008-41AC-B5CE-5DA4C147093E}.Debug|x64.Build.0 = Debug|x64
		{CF7A1103-6008-41AC-B5CE-5DA4C147093E}.Debug|x86.ActiveCfg = Debug|Win32
		{CF7A1103-6008-41AC-B5CE-5DA4C147093E}.Debug|x86.Build.0 = Debug|Win32
		{CF7A1103-6008-41AC-B5CE-5DA4C147093E}.Release|x64.ActiveCfg = Release|x64
		{CF7A1103-6008-41AC-B5CE-5DA4C147093E}.Release|x64.Build.0 = Release|x64
		{CF7A1103-6008-41AC-B5CE-5DA4C147093E}.Release|x86.ActiveCfg = Release|Win32
		{CF7A1103-6008-41AC-B5CE-5DA4C147093E}.Release|x86.Build.0 = Release|Win32
		{B9C3CDC1-FE43-4B4E-82A8-B0B187F08C5D}.Debug|x64.ActiveCfg = Debug|x64
		{B9C3CDC1-FE43-4B4E-82A8-B0B187F08C5D}.Debug|x64.Build.0 = Debug|x64
		{B9C3CDC1-FE43-4B4E-82A8-B0B187F08C5D}.Debug|x86.ActiveCfg = Debug|Win32
		{B9C3CDC1-FE43-4B4E-82A8-B0B187F08C5D}.Debug|x86.Build.0 = Debug|Win32
		{B9C3CDC1-FE43-4B4E-82A8-B0B187F08C5D}.Release|x64.ActiveCfg = Release|x64
		{B9C3CDC1-FE43-4B4E-82A8-B0B187F08C5D}.Release|x64.Build.0 = Release|x64
		{B9C3CDC1-FE43-4B4E-82A8-B0B187F08C5D}.Release|x86.ActiveCfg = Release|Win32
		{B9C3CDC1-FE43-4B4E-82A8-B0B187F08C5D}.Release|x86.Build.0 = Release|Win32
		{B34436B5-CF8F-41E5-9257-926215196FC1}.Debug|x64.ActiveCfg = Debug|x64
		{B34436B5-CF8F-41E5-9257-926215196FC1}.Debug|x64.Build.0 = Debug|x64
		{B34436B5-CF8F-41E5-9257-926215196FC1}.Debug|x86.ActiveCfg = Debug|Win32
		{B34436B5-CF8F-41E5-9257-926215196FC1}.Debug|x86.Build.0 = Debug|Win32
		{B34436B5-CF8F-41E5-9257-926215196FC1}.Release|x64.ActiveCfg = Release|x64
		{B34436B5-CF8F-41E5-9257-926215196FC1}.Release|x64.Build.0 = Release|x64
		{B34436B5-CF8F-41E5-9257-926215196FC1}.Release|x86.ActiveCfg = Release|Win32
		{B34436B5-CF8F-41E5-9257-926215196FC1}.Release|x86.Build.0 = Release|Win32
		{9AF2A5B3-F356-4C3B-9269-8CA58A66AB74}.Debug|x64.ActiveCfg = Debug|x64
		{9AF2A5B3-F356-4C3B-9269-8CA58A66AB74}.Debug|x64.Build.0 = Debug|x64
		{9AF2A5B3-F356-4C3B-9269-8CA58A66AB74}.Debug|x86.ActiveCfg = Debug|Win32
		{9AF2A5B3-F356-4C3B-9269-8CA58A66AB74}.Debug|x86.Build.0 = Debug|Win32
		{9AF2A5B3-F356-4C3B-9269-8CA58A66AB74}.Release|x64.ActiveCfg = Release|x64
		{9AF2A5B3-F356-4C3B-9269-8CA58A66AB74}.Release|x64.Build.0 = Release|x64
		{9AF2A5B3-F356-4C3B-9269-8CA58A66AB74}.Release|x86.ActiveCfg = Release|Win32
		{9AF2A5B3-F356-4C3B-9269-8CA58A66AB74}.Release|x86.Build.0 = Release|Win32
		{E1F750DF-06CC-4790-BBFD-74F5D0778257}.Debug|x64.ActiveCfg = Debug|x64
		{E1F750DF-06CC-4790-BBFD-74F5D0778257}.Debug|x64.Build.0 = Debug|x64
		{E1F750DF-06CC-4790-BBFD-74F5D0778257}.Debug|x86.ActiveCfg = Debug|Win32
		{E1F750DF-06CC-4790-BBFD-74F5D0778257}.Debug|x86.Build.0 = Debug|Win32
		{E1F750DF-06CC-4790-BBFD-74F5D0778257}.Release|x64.ActiveCfg = Release|x64
		{E1F750DF-06CC-4790-BBFD-74F5D0778257}.Release|x64.Build.0 = Release|x64
		{E1F750DF-06CC-4790-BBFD-74F5D0778257}.Release|x86.ActiveCfg = Release|Win32
		{E1F750DF-06CC-4790-BBFD-74F5D0778257}.Release|x86.Build.0 = Release|Win32
		{2560CDB6-7DE0-48C8-BA84-268D6421314B}.Debug|x64.ActiveCfg = Debug|x64
		{2560CDB6-7DE0-48C8-BA84-268D6421314B}.Debug|x64.Build.0 = Debug|x64
		{2560CDB6-7DE0-48C8-BA84-268D6421314B}.Debug|x86.ActiveCfg = Debug|Win32
		{2560CDB6-7DE0-48C8-BA84-268D6421314B}.Debug|x86.Build.0 = Debug|Win32
		{2560CDB6-7DE0-48C8-BA84-268D6421314B}.Release|x64.ActiveCfg = Release|x64
		{2560CDB6-7DE0-48C8-BA84-268D6421314B}.Release|x64.Build.0 = Release|x64
		{2560CDB6-7DE0-48C8-BA84-268D6421314B}.Release|x86.ActiveCfg = Release|Win32
		{2560CDB6-7DE0-48C8-BA84-268D6421314B}.Release|x86.Build.0 = Release|Win32
	EndGlobalSection
	GlobalSection(SolutionProperties) = preSolution
		HideSolutionNode = FALSE
	EndGlobalSection
	GlobalSection(ExtensibilityGlobals) = postSolution
		SolutionGuid = {C733C3EB-914D-42FC-8C66-E6232B5C08FA}
	EndGlobalSection
EndGlobal
